// !$*UTF8*$!
{
	archiveVersion = 1;
	classes = {
	};
	objectVersion = 44;
	objects = {

/* Begin PBXBuildFile section */
		5436DCA31169D1C300344616 /* client.rb in Resources */ = {isa = PBXBuildFile; fileRef = 5436DCA21169D1C300344616 /* client.rb */; };
		5480E7D91176EB5D00C5BB57 /* formatter.rb in Resources */ = {isa = PBXBuildFile; fileRef = 5480E7D81176EB5D00C5BB57 /* formatter.rb */; };
		548730BF1169B4FA00CF6EFC /* SkypeLoggerLoader.m in Sources */ = {isa = PBXBuildFile; fileRef = 5487309C1169B31300CF6EFC /* SkypeLoggerLoader.m */; };
		548730CE1169B57000CF6EFC /* RubyCocoa.framework in Frameworks */ = {isa = PBXBuildFile; fileRef = 548730CD1169B57000CF6EFC /* RubyCocoa.framework */; };
		54D751961169B6D5004EB865 /* skype_logger.rb in Resources */ = {isa = PBXBuildFile; fileRef = E8F5E25803AEB7C803A81C6F /* skype_logger.rb */; };
/* End PBXBuildFile section */

/* Begin PBXFileReference section */
		1058C7A1FEA54F0111CA2CBB /* Cocoa.framework */ = {isa = PBXFileReference; lastKnownFileType = wrapper.framework; name = Cocoa.framework; path = /System/Library/Frameworks/Cocoa.framework; sourceTree = "<absolute>"; };
		29B97325FDCFA39411CA2CEA /* Foundation.framework */ = {isa = PBXFileReference; lastKnownFileType = wrapper.framework; name = Foundation.framework; path = /System/Library/Frameworks/Foundation.framework; sourceTree = "<absolute>"; };
		4DDCA7110ACC9A6100E082CE /* Info.plist */ = {isa = PBXFileReference; lastKnownFileType = text.plist.xml; path = Info.plist; sourceTree = "<group>"; };
		5436DCA21169D1C300344616 /* client.rb */ = {isa = PBXFileReference; fileEncoding = 4; lastKnownFileType = text.script.ruby; name = client.rb; path = ../lib/skype_logger/client.rb; sourceTree = SOURCE_ROOT; };
		5480E7D81176EB5D00C5BB57 /* formatter.rb */ = {isa = PBXFileReference; fileEncoding = 4; lastKnownFileType = text.script.ruby; name = formatter.rb; path = ../lib/skype_logger/formatter.rb; sourceTree = SOURCE_ROOT; };
		5487309B1169B31300CF6EFC /* SkypeLoggerLoader.h */ = {isa = PBXFileReference; fileEncoding = 4; lastKnownFileType = sourcecode.c.h; path = SkypeLoggerLoader.h; sourceTree = "<group>"; };
		5487309C1169B31300CF6EFC /* SkypeLoggerLoader.m */ = {isa = PBXFileReference; fileEncoding = 4; lastKnownFileType = sourcecode.c.objc; path = SkypeLoggerLoader.m; sourceTree = "<group>"; };
		548730B01169B45400CF6EFC /* SkypeLogger.bundle */ = {isa = PBXFileReference; explicitFileType = wrapper.cfbundle; includeInIndex = 0; path = SkypeLogger.bundle; sourceTree = BUILT_PRODUCTS_DIR; };
		548730CD1169B57000CF6EFC /* RubyCocoa.framework */ = {isa = PBXFileReference; lastKnownFileType = wrapper.framework; name = RubyCocoa.framework; path = /System/Library/Frameworks/RubyCocoa.framework; sourceTree = "<absolute>"; };
		E8F5E25803AEB7C803A81C6F /* skype_logger.rb */ = {isa = PBXFileReference; lastKnownFileType = text.script.ruby; path = skype_logger.rb; sourceTree = "<group>"; };
/* End PBXFileReference section */

/* Begin PBXFrameworksBuildPhase section */
		548730AE1169B45400CF6EFC /* Frameworks */ = {
			isa = PBXFrameworksBuildPhase;
			buildActionMask = 2147483647;
			files = (
				548730CE1169B57000CF6EFC /* RubyCocoa.framework in Frameworks */,
			);
			runOnlyForDeploymentPostprocessing = 0;
		};
/* End PBXFrameworksBuildPhase section */

/* Begin PBXGroup section */
		080E96DDFE201D6D7F000001 /* Classes */ = {
			isa = PBXGroup;
			children = (
				5487309B1169B31300CF6EFC /* SkypeLoggerLoader.h */,
				5487309C1169B31300CF6EFC /* SkypeLoggerLoader.m */,
			);
			name = Classes;
			sourceTree = "<group>";
		};
		1058C7A0FEA54F0111CA2CBB /* Linked Frameworks */ = {
			isa = PBXGroup;
			children = (
				1058C7A1FEA54F0111CA2CBB /* Cocoa.framework */,
				548730CD1169B57000CF6EFC /* RubyCocoa.framework */,
			);
			name = "Linked Frameworks";
			sourceTree = "<group>";
		};
		1058C7A2FEA54F0111CA2CBB /* Other Frameworks */ = {
			isa = PBXGroup;
			children = (
				29B97325FDCFA39411CA2CEA /* Foundation.framework */,
			);
			name = "Other Frameworks";
			sourceTree = "<group>";
		};
		19C28FACFE9D520D11CA2CBB /* Products */ = {
			isa = PBXGroup;
			children = (
				548730B01169B45400CF6EFC /* SkypeLogger.bundle */,
			);
			name = Products;
			sourceTree = "<group>";
		};
		29B97314FDCFA39411CA2CEA /* SkypeLogger */ = {
			isa = PBXGroup;
			children = (
				080E96DDFE201D6D7F000001 /* Classes */,
				29B97315FDCFA39411CA2CEA /* Other Sources */,
				29B97317FDCFA39411CA2CEA /* Resources */,
				29B97323FDCFA39411CA2CEA /* Frameworks */,
				19C28FACFE9D520D11CA2CBB /* Products */,
				4DDCA7110ACC9A6100E082CE /* Info.plist */,
			);
			name = SkypeLogger;
			sourceTree = "<group>";
		};
		29B97315FDCFA39411CA2CEA /* Other Sources */ = {
			isa = PBXGroup;
			children = (
				5480E7D81176EB5D00C5BB57 /* formatter.rb */,
				5436DCA21169D1C300344616 /* client.rb */,
				E8F5E25803AEB7C803A81C6F /* skype_logger.rb */,
			);
			name = "Other Sources";
			sourceTree = "<group>";
		};
		29B97317FDCFA39411CA2CEA /* Resources */ = {
			isa = PBXGroup;
			children = (
			);
			name = Resources;
			sourceTree = "<group>";
		};
		29B97323FDCFA39411CA2CEA /* Frameworks */ = {
			isa = PBXGroup;
			children = (
				1058C7A0FEA54F0111CA2CBB /* Linked Frameworks */,
				1058C7A2FEA54F0111CA2CBB /* Other Frameworks */,
			);
			name = Frameworks;
			sourceTree = "<group>";
		};
/* End PBXGroup section */

/* Begin PBXNativeTarget section */
		548730AF1169B45400CF6EFC /* SkypeLogger */ = {
			isa = PBXNativeTarget;
			buildConfigurationList = 548730B51169B45400CF6EFC /* Build configuration list for PBXNativeTarget "SkypeLogger" */;
			buildPhases = (
				548730AC1169B45400CF6EFC /* Resources */,
				548730AD1169B45400CF6EFC /* Sources */,
				548730AE1169B45400CF6EFC /* Frameworks */,
				548731671169B5DA00CF6EFC /* ShellScript */,
			);
			buildRules = (
			);
			dependencies = (
			);
			name = SkypeLogger;
			productName = SkypeLogger;
			productReference = 548730B01169B45400CF6EFC /* SkypeLogger.bundle */;
			productType = "com.apple.product-type.bundle";
		};
/* End PBXNativeTarget section */

/* Begin PBXProject section */
		29B97313FDCFA39411CA2CEA /* Project object */ = {
			isa = PBXProject;
			buildConfigurationList = 4D7A7B570ABF745500C2D4C0 /* Build configuration list for PBXProject "SkypeLogger" */;
			compatibilityVersion = "Xcode 3.0";
			developmentRegion = English;
			hasScannedForEncodings = 0;
			knownRegions = (
				English,
				Japanese,
				French,
				German,
			);
			mainGroup = 29B97314FDCFA39411CA2CEA /* SkypeLogger */;
			projectDirPath = "";
			projectRoot = "";
			targets = (
				548730AF1169B45400CF6EFC /* SkypeLogger */,
			);
		};
/* End PBXProject section */

/* Begin PBXResourcesBuildPhase section */
		548730AC1169B45400CF6EFC /* Resources */ = {
			isa = PBXResourcesBuildPhase;
			buildActionMask = 2147483647;
			files = (
				54D751961169B6D5004EB865 /* skype_logger.rb in Resources */,
				5436DCA31169D1C300344616 /* client.rb in Resources */,
				5480E7D91176EB5D00C5BB57 /* formatter.rb in Resources */,
			);
			runOnlyForDeploymentPostprocessing = 0;
		};
/* End PBXResourcesBuildPhase section */

/* Begin PBXShellScriptBuildPhase section */
		548731671169B5DA00CF6EFC /* ShellScript */ = {
			isa = PBXShellScriptBuildPhase;
			buildActionMask = 2147483647;
			files = (
			);
			inputPaths = (
			);
			outputPaths = (
			);
			runOnlyForDeploymentPostprocessing = 0;
			shellPath = /bin/sh;
			shellScript = "# clean up any previous products/symbolic links in the SIMBL Plugins folder\nif [ -a \"${USER_LIBRARY_DIR}/Application Support/SIMBL/Plugins/${FULL_PRODUCT_NAME}\" ]; then\n  rm -Rf \"${USER_LIBRARY_DIR}/Application Support/SIMBL/Plugins/${FULL_PRODUCT_NAME}\"\nfi\n\n# Depending on the build configuration, either copy or link to the most recent product\nif [ \"${CONFIGURATION}\" == \"Debug\" ]; then\n  # if we're debugging, add a symbolic link to the plug-in\n  ln -sf \"${TARGET_BUILD_DIR}/${FULL_PRODUCT_NAME}\" \"${USER_LIBRARY_DIR}/Application Support/SIMBL/Plugins/${FULL_PRODUCT_NAME}\"\nelif [ \"${CONFIGURATION}\" == \"Release\" ]; then\n  # if we're compiling for release, just copy the plugin to the SIMBL Plugins folder\n  cp -Rfv \"${TARGET_BUILD_DIR}/${FULL_PRODUCT_NAME}\" \"${USER_LIBRARY_DIR}/Application Support/SIMBL/Plugins/${FULL_PRODUCT_NAME}\"\nfi";
		};
/* End PBXShellScriptBuildPhase section */

/* Begin PBXSourcesBuildPhase section */
		548730AD1169B45400CF6EFC /* Sources */ = {
			isa = PBXSourcesBuildPhase;
			buildActionMask = 2147483647;
			files = (
				548730BF1169B4FA00CF6EFC /* SkypeLoggerLoader.m in Sources */,
			);
			runOnlyForDeploymentPostprocessing = 0;
		};
/* End PBXSourcesBuildPhase section */

/* Begin XCBuildConfiguration section */
		4D7A7B580ABF745500C2D4C0 /* Debug */ = {
			isa = XCBuildConfiguration;
			buildSettings = {
				ARCHS = "$(ONLY_ACTIVE_ARCH_PRE_XCODE_3_1)";
				GCC_WARN_ABOUT_RETURN_TYPE = YES;
				GCC_WARN_UNUSED_VARIABLE = YES;
				ONLY_ACTIVE_ARCH_PRE_XCODE_3_1 = "$(NATIVE_ARCH)";
				PREBINDING = NO;
			};
			name = Debug;
		};
		4D7A7B590ABF745500C2D4C0 /* Release */ = {
			isa = XCBuildConfiguration;
			buildSettings = {
				ARCHS = "$(ARCHS_STANDARD_32_BIT_PRE_XCODE_3_1)";
				ARCHS_STANDARD_32_BIT_PRE_XCODE_3_1 = "ppc i386";
				DEBUG_INFORMATION_FORMAT = "dwarf-with-dsym";
				GCC_WARN_ABOUT_RETURN_TYPE = YES;
				GCC_WARN_UNUSED_VARIABLE = YES;
				PREBINDING = NO;
			};
			name = Release;
		};
		548730B31169B45400CF6EFC /* Debug */ = {
			isa = XCBuildConfiguration;
			buildSettings = {
				ALWAYS_SEARCH_USER_PATHS = NO;
				COPY_PHASE_STRIP = NO;
				GCC_DYNAMIC_NO_PIC = NO;
				GCC_ENABLE_FIX_AND_CONTINUE = YES;
				GCC_MODEL_TUNING = G5;
				GCC_OPTIMIZATION_LEVEL = 0;
				GCC_PRECOMPILE_PREFIX_HEADER = YES;
				GCC_PREFIX_HEADER = "$(SYSTEM_LIBRARY_DIR)/Frameworks/AppKit.framework/Headers/AppKit.h";
				INFOPLIST_FILE = Info.plist;
				INSTALL_PATH = "$(HOME)/Library/Bundles";
				OTHER_LDFLAGS = (
					"-framework",
					Foundation,
					"-framework",
					AppKit,
				);
				PREBINDING = NO;
				PRODUCT_NAME = SkypeLogger;
				WRAPPER_EXTENSION = bundle;
			};
			name = Debug;
		};
		548730B41169B45400CF6EFC /* Release */ = {
			isa = XCBuildConfiguration;
			buildSettings = {
				ALWAYS_SEARCH_USER_PATHS = NO;
				COPY_PHASE_STRIP = YES;
				DEBUG_INFORMATION_FORMAT = "dwarf-with-dsym";
				GCC_ENABLE_FIX_AND_CONTINUE = NO;
				GCC_MODEL_TUNING = G5;
				GCC_PRECOMPILE_PREFIX_HEADER = YES;
				GCC_PREFIX_HEADER = "$(SYSTEM_LIBRARY_DIR)/Frameworks/AppKit.framework/Headers/AppKit.h";
				INFOPLIST_FILE = Info.plist;
				INSTALL_PATH = "$(HOME)/Library/Bundles";
				OTHER_LDFLAGS = (
					"-framework",
					Foundation,
					"-framework",
					AppKit,
				);
				PREBINDING = NO;
				PRODUCT_NAME = SkypeLogger;
				WRAPPER_EXTENSION = bundle;
				ZERO_LINK = NO;
			};
			name = Release;
		};
/* End XCBuildConfiguration section */

/* Begin XCConfigurationList section */
		4D7A7B570ABF745500C2D4C0 /* Build configuration list for PBXProject "SkypeLogger" */ = {
			isa = XCConfigurationList;
			buildConfigurations = (
				4D7A7B580ABF745500C2D4C0 /* Debug */,
				4D7A7B590ABF745500C2D4C0 /* Release */,
			);
			defaultConfigurationIsVisible = 0;
			defaultConfigurationName = Release;
		};
		548730B51169B45400CF6EFC /* Build configuration list for PBXNativeTarget "SkypeLogger" */ = {
			isa = XCConfigurationList;
			buildConfigurations = (
				548730B31169B45400CF6EFC /* Debug */,
				548730B41169B45400CF6EFC /* Release */,
			);
			defaultConfigurationIsVisible = 0;
			defaultConfigurationName = Release;
		};
/* End XCConfigurationList section */
	};
	rootObject = 29B97313FDCFA39411CA2CEA /* Project object */;
}
