// !$*UTF8*$!
{
	archiveVersion = 1;
	classes = {
	};
	objectVersion = 46;
	objects = {

/* Begin PBXBuildFile section */
		546E858C13E5F48C00D4152D /* Cocoa.framework in Frameworks */ = {isa = PBXBuildFile; fileRef = 1058C7A1FEA54F0111CA2CBB /* Cocoa.framework */; };
		548730BF1169B4FA00CF6EFC /* SkypeLoggerLoader.m in Sources */ = {isa = PBXBuildFile; fileRef = 5487309C1169B31300CF6EFC /* SkypeLoggerLoader.m */; };
		549E6BF713E7E6D600218385 /* skype_logger.rb in Resources */ = {isa = PBXBuildFile; fileRef = 546E858513E5F27500D4152D /* skype_logger.rb */; };
		549E6BF913E7E6F700218385 /* client.rb in CopyFiles */ = {isa = PBXBuildFile; fileRef = 546E858313E5F27500D4152D /* client.rb */; };
		549E6BFA13E7E6F900218385 /* formatter.rb in CopyFiles */ = {isa = PBXBuildFile; fileRef = 546E858413E5F27500D4152D /* formatter.rb */; };
		54E99C0114EDF40A0092B6FA /* app_delegate.rb in Resources */ = {isa = PBXBuildFile; fileRef = 54E99C0014EDF40A0092B6FA /* app_delegate.rb */; };
		54E99C0214EDF4110092B6FA /* app_delegate.rb in CopyFiles */ = {isa = PBXBuildFile; fileRef = 54E99C0014EDF40A0092B6FA /* app_delegate.rb */; };
/* End PBXBuildFile section */

/* Begin PBXCopyFilesBuildPhase section */
		549E6BF813E7E6E000218385 /* CopyFiles */ = {
			isa = PBXCopyFilesBuildPhase;
			buildActionMask = 2147483647;
			dstPath = skype_logger;
			dstSubfolderSpec = 7;
			files = (
				54E99C0214EDF4110092B6FA /* app_delegate.rb in CopyFiles */,
				549E6BF913E7E6F700218385 /* client.rb in CopyFiles */,
				549E6BFA13E7E6F900218385 /* formatter.rb in CopyFiles */,
			);
			runOnlyForDeploymentPostprocessing = 0;
		};
/* End PBXCopyFilesBuildPhase section */

/* Begin PBXFileReference section */
		1058C7A1FEA54F0111CA2CBB /* Cocoa.framework */ = {isa = PBXFileReference; lastKnownFileType = wrapper.framework; name = Cocoa.framework; path = /System/Library/Frameworks/Cocoa.framework; sourceTree = "<absolute>"; };
		4DDCA7110ACC9A6100E082CE /* Info.plist */ = {isa = PBXFileReference; lastKnownFileType = text.plist.xml; path = Info.plist; sourceTree = "<group>"; };
		546E858313E5F27500D4152D /* client.rb */ = {isa = PBXFileReference; fileEncoding = 4; lastKnownFileType = text.script.ruby; path = client.rb; sourceTree = "<group>"; };
		546E858413E5F27500D4152D /* formatter.rb */ = {isa = PBXFileReference; fileEncoding = 4; lastKnownFileType = text.script.ruby; path = formatter.rb; sourceTree = "<group>"; };
		546E858513E5F27500D4152D /* skype_logger.rb */ = {isa = PBXFileReference; fileEncoding = 4; lastKnownFileType = text.script.ruby; name = skype_logger.rb; path = ../lib/skype_logger.rb; sourceTree = "<group>"; };
		5487309B1169B31300CF6EFC /* SkypeLoggerLoader.h */ = {isa = PBXFileReference; fileEncoding = 4; lastKnownFileType = sourcecode.c.h; path = SkypeLoggerLoader.h; sourceTree = "<group>"; };
		5487309C1169B31300CF6EFC /* SkypeLoggerLoader.m */ = {isa = PBXFileReference; fileEncoding = 4; lastKnownFileType = sourcecode.c.objc; path = SkypeLoggerLoader.m; sourceTree = "<group>"; };
		548730B01169B45400CF6EFC /* SkypeLogger.bundle */ = {isa = PBXFileReference; explicitFileType = wrapper.cfbundle; includeInIndex = 0; path = SkypeLogger.bundle; sourceTree = BUILT_PRODUCTS_DIR; };
		54E99C0014EDF40A0092B6FA /* app_delegate.rb */ = {isa = PBXFileReference; fileEncoding = 4; lastKnownFileType = text.script.ruby; path = app_delegate.rb; sourceTree = "<group>"; };
/* End PBXFileReference section */

/* Begin PBXFrameworksBuildPhase section */
		548730AE1169B45400CF6EFC /* Frameworks */ = {
			isa = PBXFrameworksBuildPhase;
			buildActionMask = 2147483647;
			files = (
				546E858C13E5F48C00D4152D /* Cocoa.framework in Frameworks */,
			);
			runOnlyForDeploymentPostprocessing = 0;
		};
/* End PBXFrameworksBuildPhase section */

/* Begin PBXGroup section */
		080E96DDFE201D6D7F000001 /* Classes */ = {
			isa = PBXGroup;
			children = (
				5487309B1169B31300CF6EFC /* SkypeLoggerLoader.h */,
				5487309C1169B31300CF6EFC /* SkypeLoggerLoader.m */,
			);
			name = Classes;
			sourceTree = "<group>";
		};
		1058C7A0FEA54F0111CA2CBB /* Linked Frameworks */ = {
			isa = PBXGroup;
			children = (
				1058C7A1FEA54F0111CA2CBB /* Cocoa.framework */,
			);
			name = "Linked Frameworks";
			sourceTree = "<group>";
		};
		19C28FACFE9D520D11CA2CBB /* Products */ = {
			isa = PBXGroup;
			children = (
				548730B01169B45400CF6EFC /* SkypeLogger.bundle */,
			);
			name = Products;
			sourceTree = "<group>";
		};
		29B97314FDCFA39411CA2CEA /* SkypeLogger */ = {
			isa = PBXGroup;
			children = (
				080E96DDFE201D6D7F000001 /* Classes */,
				29B97315FDCFA39411CA2CEA /* Other Sources */,
				29B97323FDCFA39411CA2CEA /* Frameworks */,
				19C28FACFE9D520D11CA2CBB /* Products */,
			);
			name = SkypeLogger;
			sourceTree = "<group>";
		};
		29B97315FDCFA39411CA2CEA /* Other Sources */ = {
			isa = PBXGroup;
			children = (
				4DDCA7110ACC9A6100E082CE /* Info.plist */,
				546E858213E5F27500D4152D /* skype_logger */,
				546E858513E5F27500D4152D /* skype_logger.rb */,
			);
			name = "Other Sources";
			sourceTree = "<group>";
		};
		29B97323FDCFA39411CA2CEA /* Frameworks */ = {
			isa = PBXGroup;
			children = (
				1058C7A0FEA54F0111CA2CBB /* Linked Frameworks */,
			);
			name = Frameworks;
			sourceTree = "<group>";
		};
		546E858213E5F27500D4152D /* skype_logger */ = {
			isa = PBXGroup;
			children = (
				54E99C0014EDF40A0092B6FA /* app_delegate.rb */,
				546E858313E5F27500D4152D /* client.rb */,
				546E858413E5F27500D4152D /* formatter.rb */,
			);
			name = skype_logger;
			path = ../lib/skype_logger;
			sourceTree = "<group>";
		};
/* End PBXGroup section */

/* Begin PBXNativeTarget section */
		548730AF1169B45400CF6EFC /* SkypeLogger */ = {
			isa = PBXNativeTarget;
			buildConfigurationList = 548730B51169B45400CF6EFC /* Build configuration list for PBXNativeTarget "SkypeLogger" */;
			buildPhases = (
				548730AC1169B45400CF6EFC /* Resources */,
				549E6BF813E7E6E000218385 /* CopyFiles */,
				548730AD1169B45400CF6EFC /* Sources */,
				548730AE1169B45400CF6EFC /* Frameworks */,
				548731671169B5DA00CF6EFC /* ShellScript */,
			);
			buildRules = (
			);
			dependencies = (
			);
			name = SkypeLogger;
			productName = SkypeLogger;
			productReference = 548730B01169B45400CF6EFC /* SkypeLogger.bundle */;
			productType = "com.apple.product-type.bundle";
		};
/* End PBXNativeTarget section */

/* Begin PBXProject section */
		29B97313FDCFA39411CA2CEA /* Project object */ = {
			isa = PBXProject;
			attributes = {
				LastUpgradeCheck = 0450;
			};
			buildConfigurationList = 4D7A7B570ABF745500C2D4C0 /* Build configuration list for PBXProject "SkypeLogger" */;
			compatibilityVersion = "Xcode 3.2";
			developmentRegion = English;
			hasScannedForEncodings = 0;
			knownRegions = (
				English,
				Japanese,
				French,
				German,
			);
			mainGroup = 29B97314FDCFA39411CA2CEA /* SkypeLogger */;
			projectDirPath = "";
			projectRoot = "";
			targets = (
				548730AF1169B45400CF6EFC /* SkypeLogger */,
			);
		};
/* End PBXProject section */

/* Begin PBXResourcesBuildPhase section */
		548730AC1169B45400CF6EFC /* Resources */ = {
			isa = PBXResourcesBuildPhase;
			buildActionMask = 2147483647;
			files = (
				549E6BF713E7E6D600218385 /* skype_logger.rb in Resources */,
				54E99C0114EDF40A0092B6FA /* app_delegate.rb in Resources */,
			);
			runOnlyForDeploymentPostprocessing = 0;
		};
/* End PBXResourcesBuildPhase section */

/* Begin PBXShellScriptBuildPhase section */
		548731671169B5DA00CF6EFC /* ShellScript */ = {
			isa = PBXShellScriptBuildPhase;
			buildActionMask = 2147483647;
			files = (
			);
			inputPaths = (
			);
			outputPaths = (
			);
			runOnlyForDeploymentPostprocessing = 0;
			shellPath = /bin/sh;
			shellScript = "# clean up any previous products/symbolic links in the SIMBL Plugins folder\nif [ -a \"${USER_LIBRARY_DIR}/Application Support/SIMBL/Plugins/${FULL_PRODUCT_NAME}\" ]; then\n  rm -Rf \"${USER_LIBRARY_DIR}/Application Support/SIMBL/Plugins/${FULL_PRODUCT_NAME}\"\nfi\n\n# Depending on the build configuration, either copy or link to the most recent product\nif [ \"${CONFIGURATION}\" == \"Debug\" ]; then\n  # if we're debugging, add a symbolic link to the plug-in\n  ln -sf \"${TARGET_BUILD_DIR}/${FULL_PRODUCT_NAME}\" \"${USER_LIBRARY_DIR}/Application Support/SIMBL/Plugins/${FULL_PRODUCT_NAME}\"\nelif [ \"${CONFIGURATION}\" == \"Release\" ]; then\n  # if we're compiling for release, just copy the plugin to the SIMBL Plugins folder\n  cp -Rfv \"${TARGET_BUILD_DIR}/${FULL_PRODUCT_NAME}\" \"${USER_LIBRARY_DIR}/Application Support/SIMBL/Plugins/${FULL_PRODUCT_NAME}\"\nfi";
		};
/* End PBXShellScriptBuildPhase section */

/* Begin PBXSourcesBuildPhase section */
		548730AD1169B45400CF6EFC /* Sources */ = {
			isa = PBXSourcesBuildPhase;
			buildActionMask = 2147483647;
			files = (
				548730BF1169B4FA00CF6EFC /* SkypeLoggerLoader.m in Sources */,
			);
			runOnlyForDeploymentPostprocessing = 0;
		};
/* End PBXSourcesBuildPhase section */

/* Begin XCBuildConfiguration section */
		4D7A7B580ABF745500C2D4C0 /* Debug */ = {
			isa = XCBuildConfiguration;
			buildSettings = {
				ARCHS = "$(ARCHS_STANDARD_32_BIT)";
				GCC_WARN_ABOUT_RETURN_TYPE = YES;
				GCC_WARN_UNUSED_VARIABLE = YES;
				ONLY_ACTIVE_ARCH = YES;
			};
			name = Debug;
		};
		4D7A7B590ABF745500C2D4C0 /* Release */ = {
			isa = XCBuildConfiguration;
			buildSettings = {
				ARCHS = "$(ARCHS_STANDARD_32_BIT)";
				DEBUG_INFORMATION_FORMAT = "dwarf-with-dsym";
				GCC_WARN_ABOUT_RETURN_TYPE = YES;
				GCC_WARN_UNUSED_VARIABLE = YES;
			};
			name = Release;
		};
		548730B31169B45400CF6EFC /* Debug */ = {
			isa = XCBuildConfiguration;
			buildSettings = {
				ALWAYS_SEARCH_USER_PATHS = NO;
				COMBINE_HIDPI_IMAGES = YES;
				COPY_PHASE_STRIP = NO;
				GCC_DYNAMIC_NO_PIC = NO;
				GCC_MODEL_TUNING = G5;
				GCC_OPTIMIZATION_LEVEL = 0;
				INFOPLIST_FILE = Info.plist;
				INSTALL_PATH = "$(HOME)/Library/Bundles";
				PRODUCT_NAME = SkypeLogger;
				WRAPPER_EXTENSION = bundle;
			};
			name = Debug;
		};
		548730B41169B45400CF6EFC /* Release */ = {
			isa = XCBuildConfiguration;
			buildSettings = {
				ALWAYS_SEARCH_USER_PATHS = NO;
				COMBINE_HIDPI_IMAGES = YES;
				DEBUG_INFORMATION_FORMAT = "dwarf-with-dsym";
				GCC_MODEL_TUNING = G5;
				INFOPLIST_FILE = Info.plist;
				INSTALL_PATH = "$(HOME)/Library/Bundles";
				PRODUCT_NAME = SkypeLogger;
				WRAPPER_EXTENSION = bundle;
				ZERO_LINK = NO;
			};
			name = Release;
		};
/* End XCBuildConfiguration section */

/* Begin XCConfigurationList section */
		4D7A7B570ABF745500C2D4C0 /* Build configuration list for PBXProject "SkypeLogger" */ = {
			isa = XCConfigurationList;
			buildConfigurations = (
				4D7A7B580ABF745500C2D4C0 /* Debug */,
				4D7A7B590ABF745500C2D4C0 /* Release */,
			);
			defaultConfigurationIsVisible = 0;
			defaultConfigurationName = Release;
		};
		548730B51169B45400CF6EFC /* Build configuration list for PBXNativeTarget "SkypeLogger" */ = {
			isa = XCConfigurationList;
			buildConfigurations = (
				548730B31169B45400CF6EFC /* Debug */,
				548730B41169B45400CF6EFC /* Release */,
			);
			defaultConfigurationIsVisible = 0;
			defaultConfigurationName = Release;
		};
/* End XCConfigurationList section */
	};
	rootObject = 29B97313FDCFA39411CA2CEA /* Project object */;
}
